version = 1
revision = 3
requires-python = ">=3.11"

[[package]]
name = "comtypes"
version = "1.4.16"
source = { registry = "https://packagefeedproxy.microsoft.io/pypi/simple/" }
sdist = { url = "https://ms-feed-25.pkgs.visualstudio.com/6f084628-a36d-42cb-934d-057357e379dc/_packaging/49d7402f-07bb-4b18-a9ce-086e6e98a554/pypi/download/comtypes/1.4.16/comtypes-1.4.16.tar.gz", hash = "sha256:cd66d1add01265cface4df51ba1e31cd1657e04463c281c802e737e79e1ba93c" }
wheels = [
    { url = "https://ms-feed-25.pkgs.visualstudio.com/6f084628-a36d-42cb-934d-057357e379dc/_packaging/49d7402f-07bb-4b18-a9ce-086e6e98a554/pypi/download/comtypes/1.4.16/comtypes-1.4.16-py3-none-any.whl", hash = "sha256:e18d85179ff12955524c5a8c3bc09cb3c0d890f1da4d7123d14244c7b78f84c8" },
]

[[package]]
name = "markturbo-tools"
version = "0.1.0"
source = { virtual = "." }
dependencies = [
    { name = "pillow", marker = "sys_platform == 'win32'" },
    { name = "pywinauto", marker = "sys_platform == 'win32'" },
    { name = "ruamel-yaml" },
]

[package.metadata]
requires-dist = [
    { name = "pillow", marker = "sys_platform == 'win32'", specifier = "==12.3.0" },
    { name = "pywinauto", marker = "sys_platform == 'win32'", specifier = "==0.6.9" },
    { name = "ruamel-yaml", specifier = "==0.18.17" },
]

[[package]]
name = "pillow"
version = "12.3.0"
source = { registry = "https://packagefeedproxy.microsoft.io/pypi/simple/" }
sdist = { url = "https://ms-feed-12.pkgs.visualstudio.com/80ca31fc-64d9-45fa-acb1-85ac9c6202b2/_packaging/00cb4235-4c66-4418-be20-d052995979fb/pypi/download/pillow/12.3/pillow-12.3.0.tar.gz", hash = "sha256:3b8182a766685eaa002637e28b4ec8d6b18819a0c71f579bf0dbaa5830297cce" }
wheels = [
    { url = "https://ms-feed-12.pkgs.visualstudio.com/80ca31fc-64d9-45fa-acb1-85ac9c6202b2/_packaging/00cb4235-4c66-4418-be20-d052995979fb/pypi/download/pillow/12.3/pillow-12.3.0-cp311-cp311-win32.whl", hash = "sha256:10e41f0fbf1eec8cfd234b8fe17a4caac7c9d0db4c204d3c173a8f9f6ef3232b" },
    { url = "https://ms-feed-12.pkgs.visualstudio.com/80ca31fc-64d9-45fa-acb1-85ac9c6202b2/_packaging/00cb4235-4c66-4418-be20-d052995979fb/pypi/download/pillow/12.3/pillow-12.3.0-cp311-cp311-win_amd64.whl", hash = "sha256:8e95e1385e4998ae9694eeaa4730ba5457ff61185b3a55e2e7bea0880aef452a" },
    { url = "https://ms-feed-12.pkgs.visualstudio.com/80ca31fc-64d9-45fa-acb1-85ac9c6202b2/_packaging/00cb4235-4c66-4418-be20-d052995979fb/pypi/download/pillow/12.3/pillow-12.3.0-cp311-cp311-win_arm64.whl", hash = "sha256:ebaea975e03d3141d9d3a507df75c9b3ec90fa9d2ffd07567b3a978d9d790b26" },
    { url = "https://ms-feed-12.pkgs.visualstudio.com/80ca31fc-64d9-45fa-acb1-85ac9c6202b2/_packaging/00cb4235-4c66-4418-be20-d052995979fb/pypi/download/pillow/12.3/pillow-12.3.0-cp312-cp312-win32.whl", hash = "sha256:dbce0b29841537a2fa4a214c2bbf14de3587c9680caa9b4e217568472490b28f" },
    { url = "https://ms-feed-12.pkgs.visualstudio.com/80ca31fc-64d9-45fa-acb1-85ac9c6202b2/_packaging/00cb4235-4c66-4418-be20-d052995979fb/pypi/download/pillow/12.3/pillow-12.3.0-cp312-cp312-win_amd64.whl", hash = "sha256:a2b55dd6b2a4c4b7d87ffa56bdb33fdc5fdb9a462173861a7bc097f17d91cb09" },
    { url = "https://ms-feed-12.pkgs.visualstudio.com/80ca31fc-64d9-45fa-acb1-85ac9c6202b2/_packaging/00cb4235-4c66-4418-be20-d052995979fb/pypi/download/pillow/12.3/pillow-12.3.0-cp312-cp312-win_arm64.whl", hash = "sha256:331b624368d4f1d069149002f25f44bc61c8919ce8ddb3c45bdad8f6e2d89510" },
    { url = "https://ms-feed-12.pkgs.visualstudio.com/80ca31fc-64d9-45fa-acb1-85ac9c6202b2/_packaging/00cb4235-4c66-4418-be20-d052995979fb/pypi/download/pillow/12.3/pillow-12.3.0-cp313-cp313-ios_13_0_arm64_iphoneos.whl", hash = "sha256:21900ce7ba264168cd50defae43cd75d25c833ad4ad6e73ffc5596d12e25ac89" },
    { url = "https://ms-feed-12.pkgs.visualstudio.com/80ca31fc-64d9-45fa-acb1-85ac9c6202b2/_packaging/00cb4235-4c66-4418-be20-d052995979fb/pypi/download/pillow/12.3/pillow-12.3.0-cp313-cp313-ios_13_0_arm64_iphonesimulator.whl", hash = "sha256:4e8c2a84d977f50b9daed6eeaf3baef67d00d5d74d932288f02cb94518ee3ace" },
    { url = "https://ms-feed-12.pkgs.visualstudio.com/80ca31fc-64d9-45fa-acb1-85ac9c6202b2/_packaging/00cb4235-4c66-4418-be20-d052995979fb/pypi/download/pillow/12.3/pillow-12.3.0-cp313-cp313-ios_13_0_x86_64_iphonesimulator.whl", hash = "sha256:ae26d61dfa7a47befdc7572b521024e8745f3d809bd95ca9505a7bba9ef849ec" },
    { url = "https://ms-feed-12.pkgs.visualstudio.com/80ca31fc-64d9-45fa-acb1-85ac9c6202b2/_packaging/00cb4235-4c66-4418-be20-d052995979fb/pypi/download/pillow/12.3/pillow-12.3.0-cp313-cp313-win32.whl", hash = "sha256:a876864214e136f0eb367788dbd7df045f4806801518e2cfe9e13229cfe06d8f" },
    { url = "https://ms-feed-12.pkgs.visualstudio.com/80ca31fc-64d9-45fa-acb1-85ac9c6202b2/_packaging/00cb4235-4c66-4418-be20-d052995979fb/pypi/download/pillow/12.3/pillow-12.3.0-cp313-cp313-win_amd64.whl", hash = "sha256:1cca606cd25738df4ed873d5ad46bbdb3d83b5cbca291f6b4ff13a4df6b0bbe8" },
    { url = "https://ms-feed-12.pkgs.visualstudio.com/80ca31fc-64d9-45fa-acb1-85ac9c6202b2/_packaging/00cb4235-4c66-4418-be20-d052995979fb/pypi/download/pillow/12.3/pillow-12.3.0-cp313-cp313-win_arm64.whl", hash = "sha256:b629de27fda84b42cde7edef0d85f13b958b47f6e9bbcbba9b673c562a89bd8b" },
    { url = "https://ms-feed-12.pkgs.visualstudio.com/80ca31fc-64d9-45fa-acb1-85ac9c6202b2/_packaging/00cb4235-4c66-4418-be20-d052995979fb/pypi/download/pillow/12.3/pillow-12.3.0-cp314-cp314-ios_13_0_arm64_iphoneos.whl", hash = "sha256:9cf95fe4d0f84c82d282745d9bb08ad9f926efa00be4697e767b814ce40d4330" },
    { url = "https://ms-feed-12.pkgs.visualstudio.com/80ca31fc-64d9-45fa-acb1-85ac9c6202b2/_packaging/00cb4235-4c66-4418-be20-d052995979fb/pypi/download/pillow/12.3/pillow-12.3.0-cp314-cp314-ios_13_0_arm64_iphonesimulator.whl", hash = "sha256:8728f216dcdb6e6d555cf971cb34076139ad74b31fc2c14da4fafc741c5f6217" },
    { url = "https://ms-feed-12.pkgs.visualstudio.com/80ca31fc-64d9-45fa-acb1-85ac9c6202b2/_packaging/00cb4235-4c66-4418-be20-d052995979fb/pypi/download/pillow/12.3/pillow-12.3.0-cp314-cp314-ios_13_0_x86_64_iphonesimulator.whl", hash = "sha256:a45650e8ce7fafffd731db8550230db6b0d306d181a90b67d3e6bca2f1990930" },
    { url = "https://ms-feed-12.pkgs.visualstudio.com/80ca31fc-64d9-45fa-acb1-85ac9c6202b2/_packaging/00cb4235-4c66-4418-be20-d052995979fb/pypi/download/pillow/12.3/pillow-12.3.0-cp314-cp314-win32.whl", hash = "sha256:af8d94b0db561cf68b88a267c5c44b49e134f525d0dc2cb7ed413a66bc23559a" },
    { url = "https://ms-feed-12.pkgs.visualstudio.com/80ca31fc-64d9-45fa-acb1-85ac9c6202b2/_packaging/00cb4235-4c66-4418-be20-d052995979fb/pypi/download/pillow/12.3/pillow-12.3.0-cp314-cp314-win_amd64.whl", hash = "sha256:fdafc9cce40277e0f7a0feabce0ee50dd2fa1800f3b38015e51296b5e814048d" },
    { url = "https://ms-feed-12.pkgs.visualstudio.com/80ca31fc-64d9-45fa-acb1-85ac9c6202b2/_packaging/00cb4235-4c66-4418-be20-d052995979fb/pypi/download/pillow/12.3/pillow-12.3.0-cp314-cp314-win_arm64.whl", hash = "sha256:e91206ee562682b51b98ef4b26a6ef48fd84e15fd4c4bc5ec768eb641d206838" },
    { url = "https://ms-feed-12.pkgs.visualstudio.com/80ca31fc-64d9-45fa-acb1-85ac9c6202b2/_packaging/00cb4235-4c66-4418-be20-d052995979fb/pypi/download/pillow/12.3/pillow-12.3.0-cp314-cp314t-win32.whl", hash = "sha256:4b0a7fe987b14c31ebda6083f74f22b561fd3739bc0ac51e019622e3d72668c7" },
    { url = "https://ms-feed-12.pkgs.visualstudio.com/80ca31fc-64d9-45fa-acb1-85ac9c6202b2/_packaging/00cb4235-4c66-4418-be20-d052995979fb/pypi/download/pillow/12.3/pillow-12.3.0-cp314-cp314t-win_amd64.whl", hash = "sha256:962864dc93511324d51ddbb5b9f8731bf71675b93ca612a07441896f4688fb8c" },
    { url = "https://ms-feed-12.pkgs.visualstudio.com/80ca31fc-64d9-45fa-acb1-85ac9c6202b2/_packaging/00cb4235-4c66-4418-be20-d052995979fb/pypi/download/pillow/12.3/pillow-12.3.0-cp314-cp314t-win_arm64.whl", hash = "sha256:0740a512dc522224c77d9aa5a8d70d8b7d73fb91f2c21125d8d025d3b8990e45" },
    { url = "https://ms-feed-12.pkgs.visualstudio.com/80ca31fc-64d9-45fa-acb1-85ac9c6202b2/_packaging/00cb4235-4c66-4418-be20-d052995979fb/pypi/download/pillow/12.3/pillow-12.3.0-cp315-cp315-ios_13_0_arm64_iphoneos.whl", hash = "sha256:0feb2e9d6ad6c9e3c06effe9d00f3f1e618a6643273576b016f591e9315a7139" },
    { url = "https://ms-feed-12.pkgs.visualstudio.com/80ca31fc-64d9-45fa-acb1-85ac9c6202b2/_packaging/00cb4235-4c66-4418-be20-d052995979fb/pypi/download/pillow/12.3/pillow-12.3.0-cp315-cp315-ios_13_0_arm64_iphonesimulator.whl", hash = "sha256:9e881fca225083806662a5c43d627d215f258ff43c890f831966c7d7ba9c7402" },
    { url = "https://ms-feed-12.pkgs.visualstudio.com/80ca31fc-64d9-45fa-acb1-85ac9c6202b2/_packaging/00cb4235-4c66-4418-be20-d052995979fb/pypi/download/pillow/12.3/pillow-12.3.0-cp315-cp315-ios_13_0_x86_64_iphonesimulator.whl", hash = "sha256:4998562bf62a445225f22e07c896bb04b35b1b1f2eb6d760584c9c51d7a5f78c" },
    { url = "https://ms-feed-12.pkgs.visualstudio.com/80ca31fc-64d9-45fa-acb1-85ac9c6202b2/_packaging/00cb4235-4c66-4418-be20-d052995979fb/pypi/download/pillow/12.3/pillow-12.3.0-cp315-cp315-win32.whl", hash = "sha256:57b3d78c95ba9059768b10e28b813002261d3f3dfc55cc48b0c988f625175827" },
    { url = "https://ms-feed-12.pkgs.visualstudio.com/80ca31fc-64d9-45fa-acb1-85ac9c6202b2/_packaging/00cb4235-4c66-4418-be20-d052995979fb/pypi/download/pillow/12.3/pillow-12.3.0-cp315-cp315-win_amd64.whl", hash = "sha256:fa4ecea169a355be7a3ade2c783e2ed12f0e40d2c5621cda8b3297faf7fbb9f5" },
    { url = "https://ms-feed-12.pkgs.visualstudio.com/80ca31fc-64d9-45fa-acb1-85ac9c6202b2/_packaging/00cb4235-4c66-4418-be20-d052995979fb/pypi/download/pillow/12.3/pillow-12.3.0-cp315-cp315-win_arm64.whl", hash = "sha256:877c3f311ff35410f690861c4409e7ccbf0cd2f878e50628a28e5a0bb689e658" },
    { url = "https://ms-feed-12.pkgs.visualstudio.com/80ca31fc-64d9-45fa-acb1-85ac9c6202b2/_packaging/00cb4235-4c66-4418-be20-d052995979fb/pypi/download/pillow/12.3/pillow-12.3.0-cp315-cp315t-win32.whl", hash = "sha256:1657923d2d45afb66526e5b933e5b3052e6bdea196c90d3abb2424e18c77dae8" },
    { url = "https://ms-feed-12.pkgs.visualstudio.com/80ca31fc-64d9-45fa-acb1-85ac9c6202b2/_packaging/00cb4235-4c66-4418-be20-d052995979fb/pypi/download/pillow/12.3/pillow-12.3.0-cp315-cp315t-win_amd64.whl", hash = "sha256:8cd2f7bdda092d99c9fc2fb7391354f306d01443d22785d0cbfafa2e2c8bb418" },
    { url = "https://ms-feed-12.pkgs.visualstudio.com/80ca31fc-64d9-45fa-acb1-85ac9c6202b2/_packaging/00cb4235-4c66-4418-be20-d052995979fb/pypi/download/pillow/12.3/pillow-12.3.0-cp315-cp315t-win_arm64.whl", hash = "sha256:06ff022112bc9cbf83b60f8e028d94ad87b60621706487e65f673de61610ab59" },
    { url = "https://ms-feed-12.pkgs.visualstudio.com/80ca31fc-64d9-45fa-acb1-85ac9c6202b2/_packaging/00cb4235-4c66-4418-be20-d052995979fb/pypi/download/pillow/12.3/pillow-12.3.0-pp311-pypy311_pp73-win_amd64.whl", hash = "sha256:04f01d28a6aaff387bf842a13be313df23ba0597a44f1a976c9feb3c6ff4711a" },
]

[[package]]
name = "pywin32"
version = "312"
source = { registry = "https://packagefeedproxy.microsoft.io/pypi/simple/" }
wheels = [
    { url = "https://ms-feed-17.pkgs.visualstudio.com/02a0e93b-9e7a-46f6-8851-5a56920f8f7e/_packaging/2aa351dc-4441-4d20-a430-25f505f2a55a/pypi/download/pywin32/312/pywin32-312-cp311-cp311-win32.whl", hash = "sha256:17948aeadbdb091f0ced6ef0841620794e68327b94ee415571c1203594b7215c" },
    { url = "https://ms-feed-17.pkgs.visualstudio.com/02a0e93b-9e7a-46f6-8851-5a56920f8f7e/_packaging/2aa351dc-4441-4d20-a430-25f505f2a55a/pypi/download/pywin32/312/pywin32-312-cp311-cp311-win_amd64.whl", hash = "sha256:d11417d84412f859b722fad0841b3614459ed0047f7542d8362e77884f6b6e8a" },
    { url = "https://ms-feed-17.pkgs.visualstudio.com/02a0e93b-9e7a-46f6-8851-5a56920f8f7e/_packaging/2aa351dc-4441-4d20-a430-25f505f2a55a/pypi/download/pywin32/312/pywin32-312-cp311-cp311-win_arm64.whl", hash = "sha256:b2200a054ca6d6625c4842fc56a4976a4b47f96b73dbe5538c3f813a80359f47" },
    { url = "https://ms-feed-17.pkgs.visualstudio.com/02a0e93b-9e7a-46f6-8851-5a56920f8f7e/_packaging/2aa351dc-4441-4d20-a430-25f505f2a55a/pypi/download/pywin32/312/pywin32-312-cp312-cp312-win32.whl", hash = "sha256:dab4f65ac9c4e48400a2a0530c46c3c579cd5905ecd11b80692373915269208b" },
    { url = "https://ms-feed-17.pkgs.visualstudio.com/02a0e93b-9e7a-46f6-8851-5a56920f8f7e/_packaging/2aa351dc-4441-4d20-a430-25f505f2a55a/pypi/download/pywin32/312/pywin32-312-cp312-cp312-win_amd64.whl", hash = "sha256:b457f6d628a47e8a7346ce22acb7e1a46a4a78b52e1d17e1af56871bd19a93bc" },
    { url = "https://ms-feed-17.pkgs.visualstudio.com/02a0e93b-9e7a-46f6-8851-5a56920f8f7e/_packaging/2aa351dc-4441-4d20-a430-25f505f2a55a/pypi/download/pywin32/312/pywin32-312-cp312-cp312-win_arm64.whl", hash = "sha256:6017c58e12f6809fbb0555b75df144c2922a9ffd18e4b9b5afa863b6c1a9d950" },
    { url = "https://ms-feed-17.pkgs.visualstudio.com/02a0e93b-9e7a-46f6-8851-5a56920f8f7e/_packaging/2aa351dc-4441-4d20-a430-25f505f2a55a/pypi/download/pywin32/312/pywin32-312-cp313-cp313-win32.whl", hash = "sha256:7a27df850933d16a8eabfbaeb73d52b273e2da667f80d70b01a89d1f6828d02c" },
    { url = "https://ms-feed-17.pkgs.visualstudio.com/02a0e93b-9e7a-46f6-8851-5a56920f8f7e/_packaging/2aa351dc-4441-4d20-a430-25f505f2a55a/pypi/download/pywin32/312/pywin32-312-cp313-cp313-win_amd64.whl", hash = "sha256:c53e878d15a1c44788082bfe712a905433473aa38f86375b7cf8b45e3acbaaf9" },
    { url = "https://ms-feed-17.pkgs.visualstudio.com/02a0e93b-9e7a-46f6-8851-5a56920f8f7e/_packaging/2aa351dc-4441-4d20-a430-25f505f2a55a/pypi/download/pywin32/312/pywin32-312-cp313-cp313-win_arm64.whl", hash = "sha256:59aba5d5940842075343a5ddc6b11f1cdf0d1567fe745290359dfbcc7c2eb831" },
    { url = "https://ms-feed-17.pkgs.visualstudio.com/02a0e93b-9e7a-46f6-8851-5a56920f8f7e/_packaging/2aa351dc-4441-4d20-a430-25f505f2a55a/pypi/download/pywin32/312/pywin32-312-cp314-cp314-win32.whl", hash = "sha256:a77a90fbb6881238d2ca9c6fd797b25817f3768fe78d214a90137ff055a75f5b" },
    { url = "https://ms-feed-17.pkgs.visualstudio.com/02a0e93b-9e7a-46f6-8851-5a56920f8f7e/_packaging/2aa351dc-4441-4d20-a430-25f505f2a55a/pypi/download/pywin32/312/pywin32-312-cp314-cp314-win_amd64.whl", hash = "sha256:a4dd3a848290ef724347b19f301045831d8e802fa4464f491b98b1e0a081432e" },
    { url = "https://ms-feed-17.pkgs.visualstudio.com/02a0e93b-9e7a-46f6-8851-5a56920f8f7e/_packaging/2aa351dc-4441-4d20-a430-25f505f2a55a/pypi/download/pywin32/312/pywin32-312-cp314-cp314-win_arm64.whl", hash = "sha256:9fce94568364e0155e6dfb781ac5d95903be8baf28670632beab1b523f300daa" },
    { url = "https://ms-feed-17.pkgs.visualstudio.com/02a0e93b-9e7a-46f6-8851-5a56920f8f7e/_packaging/2aa351dc-4441-4d20-a430-25f505f2a55a/pypi/download/pywin32/312/pywin32-312-cp315-cp315-win32.whl", hash = "sha256:5c1fbe4a937a73ae9297384a3da38518cbc694c68ad8a809b2e19acd350f03ed" },
    { url = "https://ms-feed-17.pkgs.visualstudio.com/02a0e93b-9e7a-46f6-8851-5a56920f8f7e/_packaging/2aa351dc-4441-4d20-a430-25f505f2a55a/pypi/download/pywin32/312/pywin32-312-cp315-cp315-win_amd64.whl", hash = "sha256:c2f03a0f73f804a13c2735b99392b0cd426bb4f2c4d0178e5ac966a0f21618d5" },
    { url = "https://ms-feed-17.pkgs.visualstudio.com/02a0e93b-9e7a-46f6-8851-5a56920f8f7e/_packaging/2aa351dc-4441-4d20-a430-25f505f2a55a/pypi/download/pywin32/312/pywin32-312-cp315-cp315-win_arm64.whl", hash = "sha256:a8597d28f267b39074aef51fa593530082b39cbe5a074226096857b1fed2dfb9" },
]

[[package]]
name = "pywinauto"
version = "0.6.9"
source = { registry = "https://packagefeedproxy.microsoft.io/pypi/simple/" }
dependencies = [
    { name = "comtypes" },
    { name = "pywin32" },
    { name = "six" },
]
sdist = { url = "https://ms-feed-25.pkgs.visualstudio.com/6f084628-a36d-42cb-934d-057357e379dc/_packaging/49d7402f-07bb-4b18-a9ce-086e6e98a554/pypi/download/pywinauto/0.6.9/pywinauto-0.6.9.tar.gz", hash = "sha256:94d710bfa796df245250f952ffa65d97233d9807bcd42e052b71b81af469b6de" }
wheels = [
    { url = "https://ms-feed-25.pkgs.visualstudio.com/6f084628-a36d-42cb-934d-057357e379dc/_packaging/49d7402f-07bb-4b18-a9ce-086e6e98a554/pypi/download/pywinauto/0.6.9/pywinauto-0.6.9-py2.py3-none-any.whl", hash = "sha256:5924b3072864a1d730c5546bbeb17cf4063ba518b618dbc5e43c18276c7c9356" },
]

[[package]]
name = "ruamel-yaml"
version = "0.18.17"
source = { registry = "https://packagefeedproxy.microsoft.io/pypi/simple/" }
dependencies = [
    { name = "ruamel-yaml-clib", marker = "python_full_version < '3.15' and platform_python_implementation == 'CPython'" },
]
sdist = { url = "https://ms-feed-12.pkgs.visualstudio.com/80ca31fc-64d9-45fa-acb1-85ac9c6202b2/_packaging/00cb4235-4c66-4418-be20-d052995979fb/pypi/download/ruamel-yaml/0.18.17/ruamel_yaml-0.18.17.tar.gz", hash = "sha256:9091cd6e2d93a3a4b157ddb8fabf348c3de7f1fb1381346d985b6b247dcd8d3c" }
wheels = [
    { url = "https://ms-feed-12.pkgs.visualstudio.com/80ca31fc-64d9-45fa-acb1-85ac9c6202b2/_packaging/00cb4235-4c66-4418-be20-d052995979fb/pypi/download/ruamel-yaml/0.18.17/ruamel_yaml-0.18.17-py3-none-any.whl", hash = "sha256:9c8ba9eb3e793efdf924b60d521820869d5bf0cb9c6f1b82d82de8295e290b9d" },
]

[[package]]
name = "ruamel-yaml-clib"
version = "0.2.15"
source = { registry = "https://packagefeedproxy.microsoft.io/pypi/simple/" }
sdist = { url = "https://ms-feed-25.pkgs.visualstudio.com/6f084628-a36d-42cb-934d-057357e379dc/_packaging/49d7402f-07bb-4b18-a9ce-086e6e98a554/pypi/download/ruamel-yaml-clib/0.2.15/ruamel_yaml_clib-0.2.15.tar.gz", hash = "sha256:46e4cc8c43ef6a94885f72512094e482114a8a706d3c555a34ed4b0d20200600" }
wheels = [
    { url = "https://ms-feed-25.pkgs.visualstudio.com/6f084628-a36d-42cb-934d-057357e379dc/_packaging/49d7402f-07bb-4b18-a9ce-086e6e98a554/pypi/download/ruamel-yaml-clib/0.2.15/ruamel_yaml_clib-0.2.15-cp311-cp311-macosx_10_9_x86_64.whl", hash = "sha256:c583229f336682b7212a43d2fa32c30e643d3076178fb9f7a6a14dde85a2d8bd" },
    { url = "https://ms-feed-25.pkgs.visualstudio.com/6f084628-a36d-42cb-934d-057357e379dc/_packaging/49d7402f-07bb-4b18-a9ce-086e6e98a554/pypi/download/ruamel-yaml-clib/0.2.15/ruamel_yaml_clib-0.2.15-cp311-cp311-macosx_11_0_arm64.whl", hash = "sha256:56ea19c157ed8c74b6be51b5fa1c3aff6e289a041575f0556f66e5fb848bb137" },
    { url = "https://ms-feed-25.pkgs.visualstudio.com/6f084628-a36d-42cb-934d-057357e379dc/_packaging/49d7402f-07bb-4b18-a9ce-086e6e98a554/pypi/download/ruamel-yaml-clib/0.2.15/ruamel_yaml_clib-0.2.15-cp311-cp311-manylinux1_i686.manylinux_2_28_i686.manylinux_2_5_i686.whl", hash = "sha256:5fea0932358e18293407feb921d4f4457db837b67ec1837f87074667449f9401" },
    { url = "https://ms-feed-25.pkgs.visualstudio.com/6f084628-a36d-42cb-934d-057357e379dc/_packaging/49d7402f-07bb-4b18-a9ce-086e6e98a554/pypi/download/ruamel-yaml-clib/0.2.15/ruamel_yaml_clib-0.2.15-cp311-cp311-manylinux2014_aarch64.manylinux_2_17_aarch64.manylinux_2_28_aarch64.whl", hash = "sha256:ef71831bd61fbdb7aa0399d5c4da06bea37107ab5c79ff884cc07f2450910262" },
    { url = "https://ms-feed-25.pkgs.visualstudio.com/6f084628-a36d-42cb-934d-057357e379dc/_packaging/49d7402f-07bb-4b18-a9ce-086e6e98a554/pypi/download/ruamel-yaml-clib/0.2.15/ruamel_yaml_clib-0.2.15-cp311-cp311-manylinux2014_x86_64.manylinux_2_17_x86_64.manylinux_2_28_x86_64.whl", hash = "sha256:617d35dc765715fa86f8c3ccdae1e4229055832c452d4ec20856136acc75053f" },
    { url = "https://ms-feed-25.pkgs.visualstudio.com/6f084628-a36d-42cb-934d-057357e379dc/_packaging/49d7402f-07bb-4b18-a9ce-086e6e98a554/pypi/download/ruamel-yaml-clib/0.2.15/ruamel_yaml_clib-0.2.15-cp311-cp311-musllinux_1_2_aarch64.whl", hash = "sha256:1b45498cc81a4724a2d42273d6cfc243c0547ad7c6b87b4f774cb7bcc131c98d" },
    { url = "https://ms-feed-25.pkgs.visualstudio.com/6f084628-a36d-42cb-934d-057357e379dc/_packaging/49d7402f-07bb-4b18-a9ce-086e6e98a554/pypi/download/ruamel-yaml-clib/0.2.15/ruamel_yaml_clib-0.2.15-cp311-cp311-musllinux_1_2_i686.whl", hash = "sha256:def5663361f6771b18646620fca12968aae730132e104688766cf8a3b1d65922" },
    { url = "https://ms-feed-25.pkgs.visualstudio.com/6f084628-a36d-42cb-934d-057357e379dc/_packaging/49d7402f-07bb-4b18-a9ce-086e6e98a554/pypi/download/ruamel-yaml-clib/0.2.15/ruamel_yaml_clib-0.2.15-cp311-cp311-musllinux_1_2_x86_64.whl", hash = "sha256:014181cdec565c8745b7cbc4de3bf2cc8ced05183d986e6d1200168e5bb59490" },
    { url = "https://ms-feed-25.pkgs.visualstudio.com/6f084628-a36d-42cb-934d-057357e379dc/_packaging/49d7402f-07bb-4b18-a9ce-086e6e98a554/pypi/download/ruamel-yaml-clib/0.2.15/ruamel_yaml_clib-0.2.15-cp311-cp311-win32.whl", hash = "sha256:d290eda8f6ada19e1771b54e5706b8f9807e6bb08e873900d5ba114ced13e02c" },
    { url = "https://ms-feed-25.pkgs.visualstudio.com/6f084628-a36d-42cb-934d-057357e379dc/_packaging/49d7402f-07bb-4b18-a9ce-086e6e98a554/pypi/download/ruamel-yaml-clib/0.2.15/ruamel_yaml_clib-0.2.15-cp311-cp311-win_amd64.whl", hash = "sha256:bdc06ad71173b915167702f55d0f3f027fc61abd975bd308a0968c02db4a4c3e" },
    { url = "https://ms-feed-25.pkgs.visualstudio.com/6f084628-a36d-42cb-934d-057357e379dc/_packaging/49d7402f-07bb-4b18-a9ce-086e6e98a554/pypi/download/ruamel-yaml-clib/0.2.15/ruamel_yaml_clib-0.2.15-cp312-cp312-macosx_10_13_x86_64.whl", hash = "sha256:cb15a2e2a90c8475df45c0949793af1ff413acfb0a716b8b94e488ea95ce7cff" },
    { url = "https://ms-feed-25.pkgs.visualstudio.com/6f084628-a36d-42cb-934d-057357e379dc/_packaging/49d7402f-07bb-4b18-a9ce-086e6e98a554/pypi/download/ruamel-yaml-clib/0.2.15/ruamel_yaml_clib-0.2.15-cp312-cp312-macosx_11_0_arm64.whl", hash = "sha256:64da03cbe93c1e91af133f5bec37fd24d0d4ba2418eaf970d7166b0a26a148a2" },
    { url = "https://ms-feed-25.pkgs.visualstudio.com/6f084628-a36d-42cb-934d-057357e379dc/_packaging/49d7402f-07bb-4b18-a9ce-086e6e98a554/pypi/download/ruamel-yaml-clib/0.2.15/ruamel_yaml_clib-0.2.15-cp312-cp312-manylinux1_i686.manylinux_2_28_i686.manylinux_2_5_i686.whl", hash = "sha256:f6d3655e95a80325b84c4e14c080b2470fe4f33b6846f288379ce36154993fb1" },
    { url = "https://ms-feed-25.pkgs.visualstudio.com/6f084628-a36d-42cb-934d-057357e379dc/_packaging/49d7402f-07bb-4b18-a9ce-086e6e98a554/pypi/download/ruamel-yaml-clib/0.2.15/ruamel_yaml_clib-0.2.15-cp312-cp312-manylinux2014_aarch64.manylinux_2_17_aarch64.manylinux_2_28_aarch64.whl", hash = "sha256:71845d377c7a47afc6592aacfea738cc8a7e876d586dfba814501d8c53c1ba60" },
    { url = "https://ms-feed-25.pkgs.visualstudio.com/6f084628-a36d-42cb-934d-057357e379dc/_packaging/49d7402f-07bb-4b18-a9ce-086e6e98a554/pypi/download/ruamel-yaml-clib/0.2.15/ruamel_yaml_clib-0.2.15-cp312-cp312-manylinux2014_x86_64.manylinux_2_17_x86_64.manylinux_2_28_x86_64.whl", hash = "sha256:11e5499db1ccbc7f4b41f0565e4f799d863ea720e01d3e99fa0b7b5fcd7802c9" },
    { url = "https://ms-feed-25.pkgs.visualstudio.com/6f084628-a36d-42cb-934d-057357e379dc/_packaging/49d7402f-07bb-4b18-a9ce-086e6e98a554/pypi/download/ruamel-yaml-clib/0.2.15/ruamel_yaml_clib-0.2.15-cp312-cp312-musllinux_1_2_aarch64.whl", hash = "sha256:4b293a37dc97e2b1e8a1aec62792d1e52027087c8eea4fc7b5abd2bdafdd6642" },
    { url = "https://ms-feed-25.pkgs.visualstudio.com/6f084628-a36d-42cb-934d-057357e379dc/_packaging/49d7402f-07bb-4b18-a9ce-086e6e98a554/pypi/download/ruamel-yaml-clib/0.2.15/ruamel_yaml_clib-0.2.15-cp312-cp312-musllinux_1_2_i686.whl", hash = "sha256:512571ad41bba04eac7268fe33f7f4742210ca26a81fe0c75357fa682636c690" },
    { url = "https://ms-feed-25.pkgs.visualstudio.com/6f084628-a36d-42cb-934d-057357e379dc/_packaging/49d7402f-07bb-4b18-a9ce-086e6e98a554/pypi/download/ruamel-yaml-clib/0.2.15/ruamel_yaml_clib-0.2.15-cp312-cp312-musllinux_1_2_x86_64.whl", hash = "sha256:e5e9f630c73a490b758bf14d859a39f375e6999aea5ddd2e2e9da89b9953486a" },
    { url = "https://ms-feed-25.pkgs.visualstudio.com/6f084628-a36d-42cb-934d-057357e379dc/_packaging/49d7402f-07bb-4b18-a9ce-086e6e98a554/pypi/download/ruamel-yaml-clib/0.2.15/ruamel_yaml_clib-0.2.15-cp312-cp312-win32.whl", hash = "sha256:f4421ab780c37210a07d138e56dd4b51f8642187cdfb433eb687fe8c11de0144" },
    { url = "https://ms-feed-25.pkgs.visualstudio.com/6f084628-a36d-42cb-934d-057357e379dc/_packaging/49d7402f-07bb-4b18-a9ce-086e6e98a554/pypi/download/ruamel-yaml-clib/0.2.15/ruamel_yaml_clib-0.2.15-cp312-cp312-win_amd64.whl", hash = "sha256:2b216904750889133d9222b7b873c199d48ecbb12912aca78970f84a5aa1a4bc" },
    { url = "https://ms-feed-25.pkgs.visualstudio.com/6f084628-a36d-42cb-934d-057357e379dc/_packaging/49d7402f-07bb-4b18-a9ce-086e6e98a554/pypi/download/ruamel-yaml-clib/0.2.15/ruamel_yaml_clib-0.2.15-cp313-cp313-macosx_10_13_x86_64.whl", hash = "sha256:4dcec721fddbb62e60c2801ba08c87010bd6b700054a09998c4d09c08147b8fb" },
    { url = "https://ms-feed-25.pkgs.visualstudio.com/6f084628-a36d-42cb-934d-057357e379dc/_packaging/49d7402f-07bb-4b18-a9ce-086e6e98a554/pypi/download/ruamel-yaml-clib/0.2.15/ruamel_yaml_clib-0.2.15-cp313-cp313-macosx_11_0_arm64.whl", hash = "sha256:65f48245279f9bb301d1276f9679b82e4c080a1ae25e679f682ac62446fac471" },
    { url = "https://ms-feed-25.pkgs.visualstudio.com/6f084628-a36d-42cb-934d-057357e379dc/_packaging/49d7402f-07bb-4b18-a9ce-086e6e98a554/pypi/download/ruamel-yaml-clib/0.2.15/ruamel_yaml_clib-0.2.15-cp313-cp313-manylinux1_i686.manylinux_2_28_i686.manylinux_2_5_i686.whl", hash = "sha256:46895c17ead5e22bea5e576f1db7e41cb273e8d062c04a6a49013d9f60996c25" },
    { url = "https://ms-feed-25.pkgs.visualstudio.com/6f084628-a36d-42cb-934d-057357e379dc/_packaging/49d7402f-07bb-4b18-a9ce-086e6e98a554/pypi/download/ruamel-yaml-clib/0.2.15/ruamel_yaml_clib-0.2.15-cp313-cp313-manylinux2014_aarch64.manylinux_2_17_aarch64.manylinux_2_28_aarch64.whl", hash = "sha256:3eb199178b08956e5be6288ee0b05b2fb0b5c1f309725ad25d9c6ea7e27f962a" },
    { url = "https://ms-feed-25.pkgs.visualstudio.com/6f084628-a36d-42cb-934d-057357e379dc/_packaging/49d7402f-07bb-4b18-a9ce-086e6e98a554/pypi/download/ruamel-yaml-clib/0.2.15/ruamel_yaml_clib-0.2.15-cp313-cp313-manylinux2014_x86_64.manylinux_2_17_x86_64.manylinux_2_28_x86_64.whl", hash = "sha256:4d1032919280ebc04a80e4fb1e93f7a738129857eaec9448310e638c8bccefcf" },
    { url = "https://ms-feed-25.pkgs.visualstudio.com/6f084628-a36d-42cb-934d-057357e379dc/_packaging/49d7402f-07bb-4b18-a9ce-086e6e98a554/pypi/download/ruamel-yaml-clib/0.2.15/ruamel_yaml_clib-0.2.15-cp313-cp313-musllinux_1_2_aarch64.whl", hash = "sha256:ab0df0648d86a7ecbd9c632e8f8d6b21bb21b5fc9d9e095c796cacf32a728d2d" },
    { url = "https://ms-feed-25.pkgs.visualstudio.com/6f084628-a36d-42cb-934d-057357e379dc/_packaging/49d7402f-07bb-4b18-a9ce-086e6e98a554/pypi/download/ruamel-yaml-clib/0.2.15/ruamel_yaml_clib-0.2.15-cp313-cp313-musllinux_1_2_i686.whl", hash = "sha256:331fb180858dd8534f0e61aa243b944f25e73a4dae9962bd44c46d1761126bbf" },
    { url = "https://ms-feed-25.pkgs.visualstudio.com/6f084628-a36d-42cb-934d-057357e379dc/_packaging/49d7402f-07bb-4b18-a9ce-086e6e98a554/pypi/download/ruamel-yaml-clib/0.2.15/ruamel_yaml_clib-0.2.15-cp313-cp313-musllinux_1_2_x86_64.whl", hash = "sha256:fd4c928ddf6bce586285daa6d90680b9c291cfd045fc40aad34e445d57b1bf51" },
    { url = "https://ms-feed-25.pkgs.visualstudio.com/6f084628-a36d-42cb-934d-057357e379dc/_packaging/49d7402f-07bb-4b18-a9ce-086e6e98a554/pypi/download/ruamel-yaml-clib/0.2.15/ruamel_yaml_clib-0.2.15-cp313-cp313-win32.whl", hash = "sha256:bf0846d629e160223805db9fe8cc7aec16aaa11a07310c50c8c7164efa440aec" },
    { url = "https://ms-feed-25.pkgs.visualstudio.com/6f084628-a36d-42cb-934d-057357e379dc/_packaging/49d7402f-07bb-4b18-a9ce-086e6e98a554/pypi/download/ruamel-yaml-clib/0.2.15/ruamel_yaml_clib-0.2.15-cp313-cp313-win_amd64.whl", hash = "sha256:45702dfbea1420ba3450bb3dd9a80b33f0badd57539c6aac09f42584303e0db6" },
    { url = "https://ms-feed-25.pkgs.visualstudio.com/6f084628-a36d-42cb-934d-057357e379dc/_packaging/49d7402f-07bb-4b18-a9ce-086e6e98a554/pypi/download/ruamel-yaml-clib/0.2.15/ruamel_yaml_clib-0.2.15-cp314-cp314-macosx_10_15_x86_64.whl", hash = "sha256:753faf20b3a5906faf1fc50e4ddb8c074cb9b251e00b14c18b28492f933ac8ef" },
    { url = "https://ms-feed-25.pkgs.visualstudio.com/6f084628-a36d-42cb-934d-057357e379dc/_packaging/49d7402f-07bb-4b18-a9ce-086e6e98a554/pypi/download/ruamel-yaml-clib/0.2.15/ruamel_yaml_clib-0.2.15-cp314-cp314-macosx_11_0_arm64.whl", hash = "sha256:480894aee0b29752560a9de46c0e5f84a82602f2bc5c6cde8db9a345319acfdf" },
    { url = "https://ms-feed-25.pkgs.visualstudio.com/6f084628-a36d-42cb-934d-057357e379dc/_packaging/49d7402f-07bb-4b18-a9ce-086e6e98a554/pypi/download/ruamel-yaml-clib/0.2.15/ruamel_yaml_clib-0.2.15-cp314-cp314-manylinux1_i686.manylinux_2_28_i686.manylinux_2_5_i686.whl", hash = "sha256:4d3b58ab2454b4747442ac76fab66739c72b1e2bb9bd173d7694b9f9dbc9c000" },
    { url = "https://ms-feed-25.pkgs.visualstudio.com/6f084628-a36d-42cb-934d-057357e379dc/_packaging/49d7402f-07bb-4b18-a9ce-086e6e98a554/pypi/download/ruamel-yaml-clib/0.2.15/ruamel_yaml_clib-0.2.15-cp314-cp314-manylinux2014_aarch64.manylinux_2_17_aarch64.manylinux_2_28_aarch64.whl", hash = "sha256:bfd309b316228acecfa30670c3887dcedf9b7a44ea39e2101e75d2654522acd4" },
    { url = "https://ms-feed-25.pkgs.visualstudio.com/6f084628-a36d-42cb-934d-057357e379dc/_packaging/49d7402f-07bb-4b18-a9ce-086e6e98a554/pypi/download/ruamel-yaml-clib/0.2.15/ruamel_yaml_clib-0.2.15-cp314-cp314-manylinux2014_x86_64.manylinux_2_17_x86_64.manylinux_2_28_x86_64.whl", hash = "sha256:2812ff359ec1f30129b62372e5f22a52936fac13d5d21e70373dbca5d64bb97c" },
    { url = "https://ms-feed-25.pkgs.visualstudio.com/6f084628-a36d-42cb-934d-057357e379dc/_packaging/49d7402f-07bb-4b18-a9ce-086e6e98a554/pypi/download/ruamel-yaml-clib/0.2.15/ruamel_yaml_clib-0.2.15-cp314-cp314-musllinux_1_2_aarch64.whl", hash = "sha256:7e74ea87307303ba91073b63e67f2c667e93f05a8c63079ee5b7a5c8d0d7b043" },
    { url = "https://ms-feed-25.pkgs.visualstudio.com/6f084628-a36d-42cb-934d-057357e379dc/_packaging/49d7402f-07bb-4b18-a9ce-086e6e98a554/pypi/download/ruamel-yaml-clib/0.2.15/ruamel_yaml_clib-0.2.15-cp314-cp314-musllinux_1_2_i686.whl", hash = "sha256:713cd68af9dfbe0bb588e144a61aad8dcc00ef92a82d2e87183ca662d242f524" },
    { url = "https://ms-feed-25.pkgs.visualstudio.com/6f084628-a36d-42cb-934d-057357e379dc/_packaging/49d7402f-07bb-4b18-a9ce-086e6e98a554/pypi/download/ruamel-yaml-clib/0.2.15/ruamel_yaml_clib-0.2.15-cp314-cp314-musllinux_1_2_x86_64.whl", hash = "sha256:542d77b72786a35563f97069b9379ce762944e67055bea293480f7734b2c7e5e" },
    { url = "https://ms-feed-25.pkgs.visualstudio.com/6f084628-a36d-42cb-934d-057357e379dc/_packaging/49d7402f-07bb-4b18-a9ce-086e6e98a554/pypi/download/ruamel-yaml-clib/0.2.15/ruamel_yaml_clib-0.2.15-cp314-cp314-win32.whl", hash = "sha256:424ead8cef3939d690c4b5c85ef5b52155a231ff8b252961b6516ed7cf05f6aa" },
    { url = "https://ms-feed-25.pkgs.visualstudio.com/6f084628-a36d-42cb-934d-057357e379dc/_packaging/49d7402f-07bb-4b18-a9ce-086e6e98a554/pypi/download/ruamel-yaml-clib/0.2.15/ruamel_yaml_clib-0.2.15-cp314-cp314-win_amd64.whl", hash = "sha256:ac9b8d5fa4bb7fd2917ab5027f60d4234345fd366fe39aa711d5dca090aa1467" },
]

[[package]]
name = "six"
version = "1.17.0"
source = { registry = "https://packagefeedproxy.microsoft.io/pypi/simple/" }
sdist = { url = "https://ms-feed-12.pkgs.visualstudio.com/80ca31fc-64d9-45fa-acb1-85ac9c6202b2/_packaging/00cb4235-4c66-4418-be20-d052995979fb/pypi/download/six/1.17/six-1.17.0.tar.gz", hash = "sha256:ff70335d468e7eb6ec65b95b99d3a2836546063f63acc5171de367e834932a81" }
wheels = [
    { url = "https://ms-feed-12.pkgs.visualstudio.com/80ca31fc-64d9-45fa-acb1-85ac9c6202b2/_packaging/00cb4235-4c66-4418-be20-d052995979fb/pypi/download/six/1.17/six-1.17.0-py2.py3-none-any.whl", hash = "sha256:4721f391ed90541fddacab5acf947aa0d3dc7d27b2e1e8eda2be8970586c3274" },
]
